
Microsoft Visual Studio Solution File, Format Version 12.00
# Visual Studio Version 17
VisualStudioVersion = 17.8.34601.278
MinimumVisualStudioVersion = 10.0.40219.1
Project("{FAE04EC0-301F-11D3-BF4B-00C04F79EFBC}") = "TravelAPi", "TravelAPi\TravelAPi.csproj", "{BB2598BF-E27D-471C-ABF9-DF1C7AA88FAC}"
EndProject
Global
	GlobalSection(SolutionConfigurationPlatforms) = preSolution
		Debug|Any CPU = Debug|Any CPU
		Release|Any CPU = Release|Any CPU
	EndGlobalSection
	GlobalSection(ProjectConfigurationPlatforms) = postSolution
		{BB2598BF-E27D-471C-ABF9-DF1C7AA88FAC}.Debug|Any CPU.ActiveCfg = Debug|Any CPU
		{BB2598BF-E27D-471C-ABF9-DF1C7AA88FAC}.Debug|Any CPU.Build.0 = Debug|Any CPU
		{BB2598BF-E27D-471C-ABF9-DF1C7AA88FAC}.Release|Any CPU.ActiveCfg = Release|Any CPU
		{BB2598BF-E27D-471C-ABF9-DF1C7AA88FAC}.Release|Any CPU.Build.0 = Release|Any CPU
	EndGlobalSection
	GlobalSection(SolutionProperties) = preSolution
		HideSolutionNode = FALSE
	EndGlobalSection
	GlobalSection(ExtensibilityGlobals) = postSolution
		SolutionGuid = {F2D620B3-7DF5-4C4C-A1C5-1E90C237E364}
	EndGlobalSection
EndGlobal
